
Microsoft Visual Studio Solution File, Format Version 12.00
# Visual Studio 14
VisualStudioVersion = 14.0.25420.1
MinimumVisualStudioVersion = 10.0.40219.1
Project("{8BC9CEB8-8B4A-11D0-8D11-00A0C91BC942}") = "Q4", "Q4\Q4.vcxproj", "{C477F43C-03D8-47F5-A5DA-7F216FC4BAC9}"
EndProject
Project("{8BC9CEB8-8B4A-11D0-8D11-00A0C91BC942}") = "Q5-1", "Q5-1\Q5-1.vcxproj", "{7F8EB11C-5352-40D1-84E6-CF2F0DC8EB21}"
EndProject
Project("{8BC9CEB8-8B4A-11D0-8D11-00A0C91BC942}") = "Q5-2", "Q5-2\Q5-2.vcxproj", "{512F9DBB-D1E7-4BDF-8439-5E4341454C15}"
EndProject
Project("{8BC9CEB8-8B4A-11D0-8D11-00A0C91BC942}") = "Q6", "Q6\Q6.vcxproj", "{4752072B-CBB2-4DC8-A105-2FCA0E19AA1B}"
EndProject
Global
	GlobalSection(SolutionConfigurationPlatforms) = preSolution
		Debug|x64 = Debug|x64
		Debug|x86 = Debug|x86
		Release|x64 = Release|x64
		Release|x86 = Release|x86
	EndGlobalSection
	GlobalSection(ProjectConfigurationPlatforms) = postSolution
		{C477F43C-03D8-47F5-A5DA-7F216FC4BAC9}.Debug|x64.ActiveCfg = Debug|x64
		{C477F43C-03D8-47F5-A5DA-7F216FC4BAC9}.Debug|x64.Build.0 = Debug|x64
		{C477F43C-03D8-47F5-A5DA-7F216FC4BAC9}.Debug|x86.ActiveCfg = Debug|Win32
		{C477F43C-03D8-47F5-A5DA-7F216FC4BAC9}.Debug|x86.Build.0 = Debug|Win32
		{C477F43C-03D8-47F5-A5DA-7F216FC4BAC9}.Release|x64.ActiveCfg = Release|x64
		{C477F43C-03D8-47F5-A5DA-7F216FC4BAC9}.Release|x64.Build.0 = Release|x64
		{C477F43C-03D8-47F5-A5DA-7F216FC4BAC9}.Release|x86.ActiveCfg = Release|Win32
		{C477F43C-03D8-47F5-A5DA-7F216FC4BAC9}.Release|x86.Build.0 = Release|Win32
		{7F8EB11C-5352-40D1-84E6-CF2F0DC8EB21}.Debug|x64.ActiveCfg = Debug|x64
		{7F8EB11C-5352-40D1-84E6-CF2F0DC8EB21}.Debug|x64.Build.0 = Debug|x64
		{7F8EB11C-5352-40D1-84E6-CF2F0DC8EB21}.Debug|x86.ActiveCfg = Debug|Win32
		{7F8EB11C-5352-40D1-84E6-CF2F0DC8EB21}.Debug|x86.Build.0 = Debug|Win32
		{7F8EB11C-5352-40D1-84E6-CF2F0DC8EB21}.Release|x64.ActiveCfg = Release|x64
		{7F8EB11C-5352-40D1-84E6-CF2F0DC8EB21}.Release|x64.Build.0 = Release|x64
		{7F8EB11C-5352-40D1-84E6-CF2F0DC8EB21}.Release|x86.ActiveCfg = Release|Win32
		{7F8EB11C-5352-40D1-84E6-CF2F0DC8EB21}.Release|x86.Build.0 = Release|Win32
		{512F9DBB-D1E7-4BDF-8439-5E4341454C15}.Debug|x64.ActiveCfg = Debug|x64
		{512F9DBB-D1E7-4BDF-8439-5E4341454C15}.Debug|x64.Build.0 = Debug|x64
		{512F9DBB-D1E7-4BDF-8439-5E4341454C15}.Debug|x86.ActiveCfg = Debug|Win32
		{512F9DBB-D1E7-4BDF-8439-5E4341454C15}.Debug|x86.Build.0 = Debug|Win32
		{512F9DBB-D1E7-4BDF-8439-5E4341454C15}.Release|x64.ActiveCfg = Release|x64
		{512F9DBB-D1E7-4BDF-8439-5E4341454C15}.Release|x64.Build.0 = Release|x64
		{512F9DBB-D1E7-4BDF-8439-5E4341454C15}.Release|x86.ActiveCfg = Release|Win32
		{512F9DBB-D1E7-4BDF-8439-5E4341454C15}.Release|x86.Build.0 = Release|Win32
		{4752072B-CBB2-4DC8-A105-2FCA0E19AA1B}.Debug|x64.ActiveCfg = Debug|x64
		{4752072B-CBB2-4DC8-A105-2FCA0E19AA1B}.Debug|x64.Build.0 = Debug|x64
		{4752072B-CBB2-4DC8-A105-2FCA0E19AA1B}.Debug|x86.ActiveCfg = Debug|Win32
		{4752072B-CBB2-4DC8-A105-2FCA0E19AA1B}.Debug|x86.Build.0 = Debug|Win32
		{4752072B-CBB2-4DC8-A105-2FCA0E19AA1B}.Release|x64.ActiveCfg = Release|x64
		{4752072B-CBB2-4DC8-A105-2FCA0E19AA1B}.Release|x64.Build.0 = Release|x64
		{4752072B-CBB2-4DC8-A105-2FCA0E19AA1B}.Release|x86.ActiveCfg = Release|Win32
		{4752072B-CBB2-4DC8-A105-2FCA0E19AA1B}.Release|x86.Build.0 = Release|Win32
	EndGlobalSection
	GlobalSection(SolutionProperties) = preSolution
		HideSolutionNode = FALSE
	EndGlobalSection
EndGlobal
